
Microsoft Visual Studio Solution File, Format Version 12.00
# Visual Studio Version 16
VisualStudioVersion = 25.0.1704.1
MinimumVisualStudioVersion = 10.0.40219.1
Project("{FAE04EC0-301F-11D3-BF4B-00C04F79EFBC}") = "RazonDemo", "RazonDemo\RazonDemo.csproj", "{A54CA26F-0612-40A0-9179-0ECC28003D40}"
EndProject
Project("{FAE04EC0-301F-11D3-BF4B-00C04F79EFBC}") = "RazorDemo.Models", "RazorDemo.Models\RazorDemo.Models.csproj", "{5955946C-3E83-4E91-8901-F8676747DA83}"
EndProject
Project("{FAE04EC0-301F-11D3-BF4B-00C04F79EFBC}") = "RazorDemo.Services", "RazorDemo.Services\RazorDemo.Services.csproj", "{439AD1DA-92F5-4B33-ABEE-E96FA4B68855}"
EndProject
Global
	GlobalSection(SolutionConfigurationPlatforms) = preSolution
		Debug|Any CPU = Debug|Any CPU
		Release|Any CPU = Release|Any CPU
	EndGlobalSection
	GlobalSection(ProjectConfigurationPlatforms) = postSolution
		{A54CA26F-0612-40A0-9179-0ECC28003D40}.Debug|Any CPU.ActiveCfg = Debug|Any CPU
		{A54CA26F-0612-40A0-9179-0ECC28003D40}.Debug|Any CPU.Build.0 = Debug|Any CPU
		{A54CA26F-0612-40A0-9179-0ECC28003D40}.Release|Any CPU.ActiveCfg = Release|Any CPU
		{A54CA26F-0612-40A0-9179-0ECC28003D40}.Release|Any CPU.Build.0 = Release|Any CPU
		{5955946C-3E83-4E91-8901-F8676747DA83}.Debug|Any CPU.ActiveCfg = Debug|Any CPU
		{5955946C-3E83-4E91-8901-F8676747DA83}.Debug|Any CPU.Build.0 = Debug|Any CPU
		{5955946C-3E83-4E91-8901-F8676747DA83}.Release|Any CPU.ActiveCfg = Release|Any CPU
		{5955946C-3E83-4E91-8901-F8676747DA83}.Release|Any CPU.Build.0 = Release|Any CPU
		{439AD1DA-92F5-4B33-ABEE-E96FA4B68855}.Debug|Any CPU.ActiveCfg = Debug|Any CPU
		{439AD1DA-92F5-4B33-ABEE-E96FA4B68855}.Debug|Any CPU.Build.0 = Debug|Any CPU
		{439AD1DA-92F5-4B33-ABEE-E96FA4B68855}.Release|Any CPU.ActiveCfg = Release|Any CPU
		{439AD1DA-92F5-4B33-ABEE-E96FA4B68855}.Release|Any CPU.Build.0 = Release|Any CPU
	EndGlobalSection
	GlobalSection(SolutionProperties) = preSolution
		HideSolutionNode = FALSE
	EndGlobalSection
	GlobalSection(ExtensibilityGlobals) = postSolution
		SolutionGuid = {0C6ADAB7-3DE0-4161-A07D-26451A673EED}
	EndGlobalSection
EndGlobal
